
Microsoft Visual Studio Solution File, Format Version 12.00
# Visual Studio 14
VisualStudioVersion = 14.0.25123.0
MinimumVisualStudioVersion = 10.0.40219.1
Project("{FAE04EC0-301F-11D3-BF4B-00C04F79EFBC}") = "Phoneword.Droid", "Phoneword\Phoneword.Droid\Phoneword.Droid.csproj", "{3C113D2C-1E2C-4CFF-B5E6-DAD0FCA0B6E0}"
EndProject
Project("{FAE04EC0-301F-11D3-BF4B-00C04F79EFBC}") = "Phoneword.iOS", "Phoneword\Phoneword.iOS\Phoneword.iOS.csproj", "{6FE4B68D-4612-49BC-8AA6-D82428C0C87E}"
EndProject
Project("{FAE04EC0-301F-11D3-BF4B-00C04F79EFBC}") = "Phoneword.WinPhone", "Phoneword\Phoneword.WinPhone\Phoneword.WinPhone.csproj", "{D5F98CB0-47C3-43FC-B9D2-15B73D3140A4}"
EndProject
Project("{FAE04EC0-301F-11D3-BF4B-00C04F79EFBC}") = "Phoneword.UWP", "Phoneword\Phoneword.UWP\Phoneword.UWP.csproj", "{D3DFE2FF-E4E4-44BF-A61F-DFCF07ADB435}"
EndProject
Project("{FAE04EC0-301F-11D3-BF4B-00C04F79EFBC}") = "Phoneword.Windows", "Phoneword\Phoneword.Windows\Phoneword.Windows.csproj", "{88445EBF-F00E-4A76-AA47-BD1041DC6BB4}"
EndProject
Project("{FAE04EC0-301F-11D3-BF4B-00C04F79EFBC}") = "Phoneword", "Phoneword\Phoneword\Phoneword.csproj", "{FCB7F411-6627-4243-8EC2-E94C450580AE}"
EndProject
Global
	GlobalSection(SolutionConfigurationPlatforms) = preSolution
		Ad-Hoc|Any CPU = Ad-Hoc|Any CPU
		Ad-Hoc|ARM = Ad-Hoc|ARM
		Ad-Hoc|iPhone = Ad-Hoc|iPhone
		Ad-Hoc|iPhoneSimulator = Ad-Hoc|iPhoneSimulator
		Ad-Hoc|x64 = Ad-Hoc|x64
		Ad-Hoc|x86 = Ad-Hoc|x86
		AppStore|Any CPU = AppStore|Any CPU
		AppStore|ARM = AppStore|ARM
		AppStore|iPhone = AppStore|iPhone
		AppStore|iPhoneSimulator = AppStore|iPhoneSimulator
		AppStore|x64 = AppStore|x64
		AppStore|x86 = AppStore|x86
		Debug|Any CPU = Debug|Any CPU
		Debug|ARM = Debug|ARM
		Debug|iPhone = Debug|iPhone
		Debug|iPhoneSimulator = Debug|iPhoneSimulator
		Debug|x64 = Debug|x64
		Debug|x86 = Debug|x86
		Release|Any CPU = Release|Any CPU
		Release|ARM = Release|ARM
		Release|iPhone = Release|iPhone
		Release|iPhoneSimulator = Release|iPhoneSimulator
		Release|x64 = Release|x64
		Release|x86 = Release|x86
	EndGlobalSection
	GlobalSection(ProjectConfigurationPlatforms) = postSolution
		{3C113D2C-1E2C-4CFF-B5E6-DAD0FCA0B6E0}.Ad-Hoc|Any CPU.ActiveCfg = Release|Any CPU
		{3C113D2C-1E2C-4CFF-B5E6-DAD0FCA0B6E0}.Ad-Hoc|Any CPU.Build.0 = Release|Any CPU
		{3C113D2C-1E2C-4CFF-B5E6-DAD0FCA0B6E0}.Ad-Hoc|Any CPU.Deploy.0 = Release|Any CPU
		{3C113D2C-1E2C-4CFF-B5E6-DAD0FCA0B6E0}.Ad-Hoc|ARM.ActiveCfg = Release|Any CPU
		{3C113D2C-1E2C-4CFF-B5E6-DAD0FCA0B6E0}.Ad-Hoc|ARM.Build.0 = Release|Any CPU
		{3C113D2C-1E2C-4CFF-B5E6-DAD0FCA0B6E0}.Ad-Hoc|ARM.Deploy.0 = Release|Any CPU
		{3C113D2C-1E2C-4CFF-B5E6-DAD0FCA0B6E0}.Ad-Hoc|iPhone.ActiveCfg = Release|Any CPU
		{3C113D2C-1E2C-4CFF-B5E6-DAD0FCA0B6E0}.Ad-Hoc|iPhone.Build.0 = Release|Any CPU
		{3C113D2C-1E2C-4CFF-B5E6-DAD0FCA0B6E0}.Ad-Hoc|iPhone.Deploy.0 = Release|Any CPU
		{3C113D2C-1E2C-4CFF-B5E6-DAD0FCA0B6E0}.Ad-Hoc|iPhoneSimulator.ActiveCfg = Release|Any CPU
		{3C113D2C-1E2C-4CFF-B5E6-DAD0FCA0B6E0}.Ad-Hoc|iPhoneSimulator.Build.0 = Release|Any CPU
		{3C113D2C-1E2C-4CFF-B5E6-DAD0FCA0B6E0}.Ad-Hoc|iPhoneSimulator.Deploy.0 = Release|Any CPU
		{3C113D2C-1E2C-4CFF-B5E6-DAD0FCA0B6E0}.Ad-Hoc|x64.ActiveCfg = Release|Any CPU
		{3C113D2C-1E2C-4CFF-B5E6-DAD0FCA0B6E0}.Ad-Hoc|x64.Build.0 = Release|Any CPU
		{3C113D2C-1E2C-4CFF-B5E6-DAD0FCA0B6E0}.Ad-Hoc|x64.Deploy.0 = Release|Any CPU
		{3C113D2C-1E2C-4CFF-B5E6-DAD0FCA0B6E0}.Ad-Hoc|x86.ActiveCfg = Release|Any CPU
		{3C113D2C-1E2C-4CFF-B5E6-DAD0FCA0B6E0}.Ad-Hoc|x86.Build.0 = Release|Any CPU
		{3C113D2C-1E2C-4CFF-B5E6-DAD0FCA0B6E0}.Ad-Hoc|x86.Deploy.0 = Release|Any CPU
		{3C113D2C-1E2C-4CFF-B5E6-DAD0FCA0B6E0}.AppStore|Any CPU.ActiveCfg = Release|Any CPU
		{3C113D2C-1E2C-4CFF-B5E6-DAD0FCA0B6E0}.AppStore|Any CPU.Build.0 = Release|Any CPU
		{3C113D2C-1E2C-4CFF-B5E6-DAD0FCA0B6E0}.AppStore|Any CPU.Deploy.0 = Release|Any CPU
		{3C113D2C-1E2C-4CFF-B5E6-DAD0FCA0B6E0}.AppStore|ARM.ActiveCfg = Release|Any CPU
		{3C113D2C-1E2C-4CFF-B5E6-DAD0FCA0B6E0}.AppStore|ARM.Build.0 = Release|Any CPU
		{3C113D2C-1E2C-4CFF-B5E6-DAD0FCA0B6E0}.AppStore|ARM.Deploy.0 = Release|Any CPU
		{3C113D2C-1E2C-4CFF-B5E6-DAD0FCA0B6E0}.AppStore|iPhone.ActiveCfg = Release|Any CPU
		{3C113D2C-1E2C-4CFF-B5E6-DAD0FCA0B6E0}.AppStore|iPhone.Build.0 = Release|Any CPU
		{3C113D2C-1E2C-4CFF-B5E6-DAD0FCA0B6E0}.AppStore|iPhone.Deploy.0 = Release|Any CPU
		{3C113D2C-1E2C-4CFF-B5E6-DAD0FCA0B6E0}.AppStore|iPhoneSimulator.ActiveCfg = Release|Any CPU
		{3C113D2C-1E2C-4CFF-B5E6-DAD0FCA0B6E0}.AppStore|iPhoneSimulator.Build.0 = Release|Any CPU
		{3C113D2C-1E2C-4CFF-B5E6-DAD0FCA0B6E0}.AppStore|iPhoneSimulator.Deploy.0 = Release|Any CPU
		{3C113D2C-1E2C-4CFF-B5E6-DAD0FCA0B6E0}.AppStore|x64.ActiveCfg = Release|Any CPU
		{3C113D2C-1E2C-4CFF-B5E6-DAD0FCA0B6E0}.AppStore|x64.Build.0 = Release|Any CPU
		{3C113D2C-1E2C-4CFF-B5E6-DAD0FCA0B6E0}.AppStore|x64.Deploy.0 = Release|Any CPU
		{3C113D2C-1E2C-4CFF-B5E6-DAD0FCA0B6E0}.AppStore|x86.ActiveCfg = Release|Any CPU
		{3C113D2C-1E2C-4CFF-B5E6-DAD0FCA0B6E0}.AppStore|x86.Build.0 = Release|Any CPU
		{3C113D2C-1E2C-4CFF-B5E6-DAD0FCA0B6E0}.AppStore|x86.Deploy.0 = Release|Any CPU
		{3C113D2C-1E2C-4CFF-B5E6-DAD0FCA0B6E0}.Debug|Any CPU.ActiveCfg = Debug|Any CPU
		{3C113D2C-1E2C-4CFF-B5E6-DAD0FCA0B6E0}.Debug|Any CPU.Build.0 = Debug|Any CPU
		{3C113D2C-1E2C-4CFF-B5E6-DAD0FCA0B6E0}.Debug|Any CPU.Deploy.0 = Debug|Any CPU
		{3C113D2C-1E2C-4CFF-B5E6-DAD0FCA0B6E0}.Debug|ARM.ActiveCfg = Debug|Any CPU
		{3C113D2C-1E2C-4CFF-B5E6-DAD0FCA0B6E0}.Debug|ARM.Build.0 = Debug|Any CPU
		{3C113D2C-1E2C-4CFF-B5E6-DAD0FCA0B6E0}.Debug|ARM.Deploy.0 = Debug|Any CPU
		{3C113D2C-1E2C-4CFF-B5E6-DAD0FCA0B6E0}.Debug|iPhone.ActiveCfg = Debug|Any CPU
		{3C113D2C-1E2C-4CFF-B5E6-DAD0FCA0B6E0}.Debug|iPhone.Build.0 = Debug|Any CPU
		{3C113D2C-1E2C-4CFF-B5E6-DAD0FCA0B6E0}.Debug|iPhone.Deploy.0 = Debug|Any CPU
		{3C113D2C-1E2C-4CFF-B5E6-DAD0FCA0B6E0}.Debug|iPhoneSimulator.ActiveCfg = Debug|Any CPU
		{3C113D2C-1E2C-4CFF-B5E6-DAD0FCA0B6E0}.Debug|iPhoneSimulator.Build.0 = Debug|Any CPU
		{3C113D2C-1E2C-4CFF-B5E6-DAD0FCA0B6E0}.Debug|iPhoneSimulator.Deploy.0 = Debug|Any CPU
		{3C113D2C-1E2C-4CFF-B5E6-DAD0FCA0B6E0}.Debug|x64.ActiveCfg = Debug|Any CPU
		{3C113D2C-1E2C-4CFF-B5E6-DAD0FCA0B6E0}.Debug|x64.Build.0 = Debug|Any CPU
		{3C113D2C-1E2C-4CFF-B5E6-DAD0FCA0B6E0}.Debug|x64.Deploy.0 = Debug|Any CPU
		{3C113D2C-1E2C-4CFF-B5E6-DAD0FCA0B6E0}.Debug|x86.ActiveCfg = Debug|Any CPU
		{3C113D2C-1E2C-4CFF-B5E6-DAD0FCA0B6E0}.Debug|x86.Build.0 = Debug|Any CPU
		{3C113D2C-1E2C-4CFF-B5E6-DAD0FCA0B6E0}.Debug|x86.Deploy.0 = Debug|Any CPU
		{3C113D2C-1E2C-4CFF-B5E6-DAD0FCA0B6E0}.Release|Any CPU.ActiveCfg = Release|Any CPU
		{3C113D2C-1E2C-4CFF-B5E6-DAD0FCA0B6E0}.Release|Any CPU.Build.0 = Release|Any CPU
		{3C113D2C-1E2C-4CFF-B5E6-DAD0FCA0B6E0}.Release|Any CPU.Deploy.0 = Release|Any CPU
		{3C113D2C-1E2C-4CFF-B5E6-DAD0FCA0B6E0}.Release|ARM.ActiveCfg = Release|Any CPU
		{3C113D2C-1E2C-4CFF-B5E6-DAD0FCA0B6E0}.Release|ARM.Build.0 = Release|Any CPU
		{3C113D2C-1E2C-4CFF-B5E6-DAD0FCA0B6E0}.Release|ARM.Deploy.0 = Release|Any CPU
		{3C113D2C-1E2C-4CFF-B5E6-DAD0FCA0B6E0}.Release|iPhone.ActiveCfg = Release|Any CPU
		{3C113D2C-1E2C-4CFF-B5E6-DAD0FCA0B6E0}.Release|iPhone.Build.0 = Release|Any CPU
		{3C113D2C-1E2C-4CFF-B5E6-DAD0FCA0B6E0}.Release|iPhone.Deploy.0 = Release|Any CPU
		{3C113D2C-1E2C-4CFF-B5E6-DAD0FCA0B6E0}.Release|iPhoneSimulator.ActiveCfg = Release|Any CPU
		{3C113D2C-1E2C-4CFF-B5E6-DAD0FCA0B6E0}.Release|iPhoneSimulator.Build.0 = Release|Any CPU
		{3C113D2C-1E2C-4CFF-B5E6-DAD0FCA0B6E0}.Release|iPhoneSimulator.Deploy.0 = Release|Any CPU
		{3C113D2C-1E2C-4CFF-B5E6-DAD0FCA0B6E0}.Release|x64.ActiveCfg = Release|Any CPU
		{3C113D2C-1E2C-4CFF-B5E6-DAD0FCA0B6E0}.Release|x64.Build.0 = Release|Any CPU
		{3C113D2C-1E2C-4CFF-B5E6-DAD0FCA0B6E0}.Release|x64.Deploy.0 = Release|Any CPU
		{3C113D2C-1E2C-4CFF-B5E6-DAD0FCA0B6E0}.Release|x86.ActiveCfg = Release|Any CPU
		{3C113D2C-1E2C-4CFF-B5E6-DAD0FCA0B6E0}.Release|x86.Build.0 = Release|Any CPU
		{3C113D2C-1E2C-4CFF-B5E6-DAD0FCA0B6E0}.Release|x86.Deploy.0 = Release|Any CPU
		{6FE4B68D-4612-49BC-8AA6-D82428C0C87E}.Ad-Hoc|Any CPU.ActiveCfg = Ad-Hoc|iPhone
		{6FE4B68D-4612-49BC-8AA6-D82428C0C87E}.Ad-Hoc|ARM.ActiveCfg = Ad-Hoc|iPhone
		{6FE4B68D-4612-49BC-8AA6-D82428C0C87E}.Ad-Hoc|iPhone.ActiveCfg = Ad-Hoc|iPhone
		{6FE4B68D-4612-49BC-8AA6-D82428C0C87E}.Ad-Hoc|iPhone.Build.0 = Ad-Hoc|iPhone
		{6FE4B68D-4612-49BC-8AA6-D82428C0C87E}.Ad-Hoc|iPhoneSimulator.ActiveCfg = Ad-Hoc|iPhoneSimulator
		{6FE4B68D-4612-49BC-8AA6-D82428C0C87E}.Ad-Hoc|iPhoneSimulator.Build.0 = Ad-Hoc|iPhoneSimulator
		{6FE4B68D-4612-49BC-8AA6-D82428C0C87E}.Ad-Hoc|x64.ActiveCfg = Ad-Hoc|iPhone
		{6FE4B68D-4612-49BC-8AA6-D82428C0C87E}.Ad-Hoc|x86.ActiveCfg = Ad-Hoc|iPhone
		{6FE4B68D-4612-49BC-8AA6-D82428C0C87E}.AppStore|Any CPU.ActiveCfg = AppStore|iPhone
		{6FE4B68D-4612-49BC-8AA6-D82428C0C87E}.AppStore|ARM.ActiveCfg = AppStore|iPhone
		{6FE4B68D-4612-49BC-8AA6-D82428C0C87E}.AppStore|iPhone.ActiveCfg = AppStore|iPhone
		{6FE4B68D-4612-49BC-8AA6-D82428C0C87E}.AppStore|iPhone.Build.0 = AppStore|iPhone
		{6FE4B68D-4612-49BC-8AA6-D82428C0C87E}.AppStore|iPhoneSimulator.ActiveCfg = AppStore|iPhoneSimulator
		{6FE4B68D-4612-49BC-8AA6-D82428C0C87E}.AppStore|iPhoneSimulator.Build.0 = AppStore|iPhoneSimulator
		{6FE4B68D-4612-49BC-8AA6-D82428C0C87E}.AppStore|x64.ActiveCfg = AppStore|iPhone
		{6FE4B68D-4612-49BC-8AA6-D82428C0C87E}.AppStore|x86.ActiveCfg = AppStore|iPhone
		{6FE4B68D-4612-49BC-8AA6-D82428C0C87E}.Debug|Any CPU.ActiveCfg = Debug|iPhone
		{6FE4B68D-4612-49BC-8AA6-D82428C0C87E}.Debug|ARM.ActiveCfg = Debug|iPhone
		{6FE4B68D-4612-49BC-8AA6-D82428C0C87E}.Debug|iPhone.ActiveCfg = Debug|iPhone
		{6FE4B68D-4612-49BC-8AA6-D82428C0C87E}.Debug|iPhone.Build.0 = Debug|iPhone
		{6FE4B68D-4612-49BC-8AA6-D82428C0C87E}.Debug|iPhoneSimulator.ActiveCfg = Debug|iPhoneSimulator
		{6FE4B68D-4612-49BC-8AA6-D82428C0C87E}.Debug|iPhoneSimulator.Build.0 = Debug|iPhoneSimulator
		{6FE4B68D-4612-49BC-8AA6-D82428C0C87E}.Debug|x64.ActiveCfg = Debug|iPhone
		{6FE4B68D-4612-49BC-8AA6-D82428C0C87E}.Debug|x86.ActiveCfg = Debug|iPhone
		{6FE4B68D-4612-49BC-8AA6-D82428C0C87E}.Release|Any CPU.ActiveCfg = Release|iPhone
		{6FE4B68D-4612-49BC-8AA6-D82428C0C87E}.Release|ARM.ActiveCfg = Release|iPhone
		{6FE4B68D-4612-49BC-8AA6-D82428C0C87E}.Release|iPhone.ActiveCfg = Release|iPhone
		{6FE4B68D-4612-49BC-8AA6-D82428C0C87E}.Release|iPhone.Build.0 = Release|iPhone
		{6FE4B68D-4612-49BC-8AA6-D82428C0C87E}.Release|iPhoneSimulator.ActiveCfg = Release|iPhoneSimulator
		{6FE4B68D-4612-49BC-8AA6-D82428C0C87E}.Release|iPhoneSimulator.Build.0 = Release|iPhoneSimulator
		{6FE4B68D-4612-49BC-8AA6-D82428C0C87E}.Release|x64.ActiveCfg = Release|iPhone
		{6FE4B68D-4612-49BC-8AA6-D82428C0C87E}.Release|x86.ActiveCfg = Release|iPhone
		{D5F98CB0-47C3-43FC-B9D2-15B73D3140A4}.Ad-Hoc|Any CPU.ActiveCfg = Release|Any CPU
		{D5F98CB0-47C3-43FC-B9D2-15B73D3140A4}.Ad-Hoc|Any CPU.Build.0 = Release|Any CPU
		{D5F98CB0-47C3-43FC-B9D2-15B73D3140A4}.Ad-Hoc|Any CPU.Deploy.0 = Release|Any CPU
		{D5F98CB0-47C3-43FC-B9D2-15B73D3140A4}.Ad-Hoc|ARM.ActiveCfg = Release|ARM
		{D5F98CB0-47C3-43FC-B9D2-15B73D3140A4}.Ad-Hoc|ARM.Build.0 = Release|ARM
		{D5F98CB0-47C3-43FC-B9D2-15B73D3140A4}.Ad-Hoc|ARM.Deploy.0 = Release|ARM
		{D5F98CB0-47C3-43FC-B9D2-15B73D3140A4}.Ad-Hoc|iPhone.ActiveCfg = Release|Any CPU
		{D5F98CB0-47C3-43FC-B9D2-15B73D3140A4}.Ad-Hoc|iPhone.Build.0 = Release|Any CPU
		{D5F98CB0-47C3-43FC-B9D2-15B73D3140A4}.Ad-Hoc|iPhone.Deploy.0 = Release|Any CPU
		{D5F98CB0-47C3-43FC-B9D2-15B73D3140A4}.Ad-Hoc|iPhoneSimulator.ActiveCfg = Release|Any CPU
		{D5F98CB0-47C3-43FC-B9D2-15B73D3140A4}.Ad-Hoc|iPhoneSimulator.Build.0 = Release|Any CPU
		{D5F98CB0-47C3-43FC-B9D2-15B73D3140A4}.Ad-Hoc|iPhoneSimulator.Deploy.0 = Release|Any CPU
		{D5F98CB0-47C3-43FC-B9D2-15B73D3140A4}.Ad-Hoc|x64.ActiveCfg = Release|Any CPU
		{D5F98CB0-47C3-43FC-B9D2-15B73D3140A4}.Ad-Hoc|x64.Build.0 = Release|Any CPU
		{D5F98CB0-47C3-43FC-B9D2-15B73D3140A4}.Ad-Hoc|x64.Deploy.0 = Release|Any CPU
		{D5F98CB0-47C3-43FC-B9D2-15B73D3140A4}.Ad-Hoc|x86.ActiveCfg = Release|x86
		{D5F98CB0-47C3-43FC-B9D2-15B73D3140A4}.Ad-Hoc|x86.Build.0 = Release|x86
		{D5F98CB0-47C3-43FC-B9D2-15B73D3140A4}.Ad-Hoc|x86.Deploy.0 = Release|x86
		{D5F98CB0-47C3-43FC-B9D2-15B73D3140A4}.AppStore|Any CPU.ActiveCfg = Release|Any CPU
		{D5F98CB0-47C3-43FC-B9D2-15B73D3140A4}.AppStore|Any CPU.Build.0 = Release|Any CPU
		{D5F98CB0-47C3-43FC-B9D2-15B73D3140A4}.AppStore|Any CPU.Deploy.0 = Release|Any CPU
		{D5F98CB0-47C3-43FC-B9D2-15B73D3140A4}.AppStore|ARM.ActiveCfg = Release|ARM
		{D5F98CB0-47C3-43FC-B9D2-15B73D3140A4}.AppStore|ARM.Build.0 = Release|ARM
		{D5F98CB0-47C3-43FC-B9D2-15B73D3140A4}.AppStore|ARM.Deploy.0 = Release|ARM
		{D5F98CB0-47C3-43FC-B9D2-15B73D3140A4}.AppStore|iPhone.ActiveCfg = Release|Any CPU
		{D5F98CB0-47C3-43FC-B9D2-15B73D3140A4}.AppStore|iPhone.Build.0 = Release|Any CPU
		{D5F98CB0-47C3-43FC-B9D2-15B73D3140A4}.AppStore|iPhone.Deploy.0 = Release|Any CPU
		{D5F98CB0-47C3-43FC-B9D2-15B73D3140A4}.AppStore|iPhoneSimulator.ActiveCfg = Release|Any CPU
		{D5F98CB0-47C3-43FC-B9D2-15B73D3140A4}.AppStore|iPhoneSimulator.Build.0 = Release|Any CPU
		{D5F98CB0-47C3-43FC-B9D2-15B73D3140A4}.AppStore|iPhoneSimulator.Deploy.0 = Release|Any CPU
		{D5F98CB0-47C3-43FC-B9D2-15B73D3140A4}.AppStore|x64.ActiveCfg = Release|Any CPU
		{D5F98CB0-47C3-43FC-B9D2-15B73D3140A4}.AppStore|x64.Build.0 = Release|Any CPU
		{D5F98CB0-47C3-43FC-B9D2-15B73D3140A4}.AppStore|x64.Deploy.0 = Release|Any CPU
		{D5F98CB0-47C3-43FC-B9D2-15B73D3140A4}.AppStore|x86.ActiveCfg = Release|x86
		{D5F98CB0-47C3-43FC-B9D2-15B73D3140A4}.AppStore|x86.Build.0 = Release|x86
		{D5F98CB0-47C3-43FC-B9D2-15B73D3140A4}.AppStore|x86.Deploy.0 = Release|x86
		{D5F98CB0-47C3-43FC-B9D2-15B73D3140A4}.Debug|Any CPU.ActiveCfg = Debug|Any CPU
		{D5F98CB0-47C3-43FC-B9D2-15B73D3140A4}.Debug|Any CPU.Build.0 = Debug|Any CPU
		{D5F98CB0-47C3-43FC-B9D2-15B73D3140A4}.Debug|Any CPU.Deploy.0 = Debug|Any CPU
		{D5F98CB0-47C3-43FC-B9D2-15B73D3140A4}.Debug|ARM.ActiveCfg = Debug|ARM
		{D5F98CB0-47C3-43FC-B9D2-15B73D3140A4}.Debug|ARM.Build.0 = Debug|ARM
		{D5F98CB0-47C3-43FC-B9D2-15B73D3140A4}.Debug|ARM.Deploy.0 = Debug|ARM
		{D5F98CB0-47C3-43FC-B9D2-15B73D3140A4}.Debug|iPhone.ActiveCfg = Debug|Any CPU
		{D5F98CB0-47C3-43FC-B9D2-15B73D3140A4}.Debug|iPhone.Build.0 = Debug|Any CPU
		{D5F98CB0-47C3-43FC-B9D2-15B73D3140A4}.Debug|iPhone.Deploy.0 = Debug|Any CPU
		{D5F98CB0-47C3-43FC-B9D2-15B73D3140A4}.Debug|iPhoneSimulator.ActiveCfg = Debug|Any CPU
		{D5F98CB0-47C3-43FC-B9D2-15B73D3140A4}.Debug|iPhoneSimulator.Build.0 = Debug|Any CPU
		{D5F98CB0-47C3-43FC-B9D2-15B73D3140A4}.Debug|iPhoneSimulator.Deploy.0 = Debug|Any CPU
		{D5F98CB0-47C3-43FC-B9D2-15B73D3140A4}.Debug|x64.ActiveCfg = Debug|Any CPU
		{D5F98CB0-47C3-43FC-B9D2-15B73D3140A4}.Debug|x64.Build.0 = Debug|Any CPU
		{D5F98CB0-47C3-43FC-B9D2-15B73D3140A4}.Debug|x64.Deploy.0 = Debug|Any CPU
		{D5F98CB0-47C3-43FC-B9D2-15B73D3140A4}.Debug|x86.ActiveCfg = Debug|x86
		{D5F98CB0-47C3-43FC-B9D2-15B73D3140A4}.Debug|x86.Build.0 = Debug|x86
		{D5F98CB0-47C3-43FC-B9D2-15B73D3140A4}.Debug|x86.Deploy.0 = Debug|x86
		{D5F98CB0-47C3-43FC-B9D2-15B73D3140A4}.Release|Any CPU.ActiveCfg = Release|Any CPU
		{D5F98CB0-47C3-43FC-B9D2-15B73D3140A4}.Release|Any CPU.Build.0 = Release|Any CPU
		{D5F98CB0-47C3-43FC-B9D2-15B73D3140A4}.Release|Any CPU.Deploy.0 = Release|Any CPU
		{D5F98CB0-47C3-43FC-B9D2-15B73D3140A4}.Release|ARM.ActiveCfg = Release|ARM
		{D5F98CB0-47C3-43FC-B9D2-15B73D3140A4}.Release|ARM.Build.0 = Release|ARM
		{D5F98CB0-47C3-43FC-B9D2-15B73D3140A4}.Release|ARM.Deploy.0 = Release|ARM
		{D5F98CB0-47C3-43FC-B9D2-15B73D3140A4}.Release|iPhone.ActiveCfg = Release|Any CPU
		{D5F98CB0-47C3-43FC-B9D2-15B73D3140A4}.Release|iPhone.Build.0 = Release|Any CPU
		{D5F98CB0-47C3-43FC-B9D2-15B73D3140A4}.Release|iPhone.Deploy.0 = Release|Any CPU
		{D5F98CB0-47C3-43FC-B9D2-15B73D3140A4}.Release|iPhoneSimulator.ActiveCfg = Release|Any CPU
		{D5F98CB0-47C3-43FC-B9D2-15B73D3140A4}.Release|iPhoneSimulator.Build.0 = Release|Any CPU
		{D5F98CB0-47C3-43FC-B9D2-15B73D3140A4}.Release|iPhoneSimulator.Deploy.0 = Release|Any CPU
		{D5F98CB0-47C3-43FC-B9D2-15B73D3140A4}.Release|x64.ActiveCfg = Release|Any CPU
		{D5F98CB0-47C3-43FC-B9D2-15B73D3140A4}.Release|x64.Build.0 = Release|Any CPU
		{D5F98CB0-47C3-43FC-B9D2-15B73D3140A4}.Release|x64.Deploy.0 = Release|Any CPU
		{D5F98CB0-47C3-43FC-B9D2-15B73D3140A4}.Release|x86.ActiveCfg = Release|x86
		{D5F98CB0-47C3-43FC-B9D2-15B73D3140A4}.Release|x86.Build.0 = Release|x86
		{D5F98CB0-47C3-43FC-B9D2-15B73D3140A4}.Release|x86.Deploy.0 = Release|x86
		{D3DFE2FF-E4E4-44BF-A61F-DFCF07ADB435}.Ad-Hoc|Any CPU.ActiveCfg = Release|x86
		{D3DFE2FF-E4E4-44BF-A61F-DFCF07ADB435}.Ad-Hoc|Any CPU.Build.0 = Release|x86
		{D3DFE2FF-E4E4-44BF-A61F-DFCF07ADB435}.Ad-Hoc|Any CPU.Deploy.0 = Release|x86
		{D3DFE2FF-E4E4-44BF-A61F-DFCF07ADB435}.Ad-Hoc|ARM.ActiveCfg = Release|ARM
		{D3DFE2FF-E4E4-44BF-A61F-DFCF07ADB435}.Ad-Hoc|ARM.Build.0 = Release|ARM
		{D3DFE2FF-E4E4-44BF-A61F-DFCF07ADB435}.Ad-Hoc|ARM.Deploy.0 = Release|ARM
		{D3DFE2FF-E4E4-44BF-A61F-DFCF07ADB435}.Ad-Hoc|iPhone.ActiveCfg = Release|x86
		{D3DFE2FF-E4E4-44BF-A61F-DFCF07ADB435}.Ad-Hoc|iPhone.Build.0 = Release|x86
		{D3DFE2FF-E4E4-44BF-A61F-DFCF07ADB435}.Ad-Hoc|iPhone.Deploy.0 = Release|x86
		{D3DFE2FF-E4E4-44BF-A61F-DFCF07ADB435}.Ad-Hoc|iPhoneSimulator.ActiveCfg = Release|x86
		{D3DFE2FF-E4E4-44BF-A61F-DFCF07ADB435}.Ad-Hoc|iPhoneSimulator.Build.0 = Release|x86
		{D3DFE2FF-E4E4-44BF-A61F-DFCF07ADB435}.Ad-Hoc|iPhoneSimulator.Deploy.0 = Release|x86
		{D3DFE2FF-E4E4-44BF-A61F-DFCF07ADB435}.Ad-Hoc|x64.ActiveCfg = Release|x64
		{D3DFE2FF-E4E4-44BF-A61F-DFCF07ADB435}.Ad-Hoc|x64.Build.0 = Release|x64
		{D3DFE2FF-E4E4-44BF-A61F-DFCF07ADB435}.Ad-Hoc|x64.Deploy.0 = Release|x64
		{D3DFE2FF-E4E4-44BF-A61F-DFCF07ADB435}.Ad-Hoc|x86.ActiveCfg = Release|x86
		{D3DFE2FF-E4E4-44BF-A61F-DFCF07ADB435}.Ad-Hoc|x86.Build.0 = Release|x86
		{D3DFE2FF-E4E4-44BF-A61F-DFCF07ADB435}.Ad-Hoc|x86.Deploy.0 = Release|x86
		{D3DFE2FF-E4E4-44BF-A61F-DFCF07ADB435}.AppStore|Any CPU.ActiveCfg = Release|x86
		{D3DFE2FF-E4E4-44BF-A61F-DFCF07ADB435}.AppStore|Any CPU.Build.0 = Release|x86
		{D3DFE2FF-E4E4-44BF-A61F-DFCF07ADB435}.AppStore|Any CPU.Deploy.0 = Release|x86
		{D3DFE2FF-E4E4-44BF-A61F-DFCF07ADB435}.AppStore|ARM.ActiveCfg = Release|ARM
		{D3DFE2FF-E4E4-44BF-A61F-DFCF07ADB435}.AppStore|ARM.Build.0 = Release|ARM
		{D3DFE2FF-E4E4-44BF-A61F-DFCF07ADB435}.AppStore|ARM.Deploy.0 = Release|ARM
		{D3DFE2FF-E4E4-44BF-A61F-DFCF07ADB435}.AppStore|iPhone.ActiveCfg = Release|x86
		{D3DFE2FF-E4E4-44BF-A61F-DFCF07ADB435}.AppStore|iPhone.Build.0 = Release|x86
		{D3DFE2FF-E4E4-44BF-A61F-DFCF07ADB435}.AppStore|iPhone.Deploy.0 = Release|x86
		{D3DFE2FF-E4E4-44BF-A61F-DFCF07ADB435}.AppStore|iPhoneSimulator.ActiveCfg = Release|x86
		{D3DFE2FF-E4E4-44BF-A61F-DFCF07ADB435}.AppStore|iPhoneSimulator.Build.0 = Release|x86
		{D3DFE2FF-E4E4-44BF-A61F-DFCF07ADB435}.AppStore|iPhoneSimulator.Deploy.0 = Release|x86
		{D3DFE2FF-E4E4-44BF-A61F-DFCF07ADB435}.AppStore|x64.ActiveCfg = Release|x64
		{D3DFE2FF-E4E4-44BF-A61F-DFCF07ADB435}.AppStore|x64.Build.0 = Release|x64
		{D3DFE2FF-E4E4-44BF-A61F-DFCF07ADB435}.AppStore|x64.Deploy.0 = Release|x64
		{D3DFE2FF-E4E4-44BF-A61F-DFCF07ADB435}.AppStore|x86.ActiveCfg = Release|x86
		{D3DFE2FF-E4E4-44BF-A61F-DFCF07ADB435}.AppStore|x86.Build.0 = Release|x86
		{D3DFE2FF-E4E4-44BF-A61F-DFCF07ADB435}.AppStore|x86.Deploy.0 = Release|x86
		{D3DFE2FF-E4E4-44BF-A61F-DFCF07ADB435}.Debug|Any CPU.ActiveCfg = Debug|x86
		{D3DFE2FF-E4E4-44BF-A61F-DFCF07ADB435}.Debug|ARM.ActiveCfg = Debug|ARM
		{D3DFE2FF-E4E4-44BF-A61F-DFCF07ADB435}.Debug|ARM.Build.0 = Debug|ARM
		{D3DFE2FF-E4E4-44BF-A61F-DFCF07ADB435}.Debug|ARM.Deploy.0 = Debug|ARM
		{D3DFE2FF-E4E4-44BF-A61F-DFCF07ADB435}.Debug|iPhone.ActiveCfg = Debug|x86
		{D3DFE2FF-E4E4-44BF-A61F-DFCF07ADB435}.Debug|iPhoneSimulator.ActiveCfg = Debug|x86
		{D3DFE2FF-E4E4-44BF-A61F-DFCF07ADB435}.Debug|x64.ActiveCfg = Debug|x64
		{D3DFE2FF-E4E4-44BF-A61F-DFCF07ADB435}.Debug|x64.Build.0 = Debug|x64
		{D3DFE2FF-E4E4-44BF-A61F-DFCF07ADB435}.Debug|x64.Deploy.0 = Debug|x64
		{D3DFE2FF-E4E4-44BF-A61F-DFCF07ADB435}.Debug|x86.ActiveCfg = Debug|x86
		{D3DFE2FF-E4E4-44BF-A61F-DFCF07ADB435}.Debug|x86.Build.0 = Debug|x86
		{D3DFE2FF-E4E4-44BF-A61F-DFCF07ADB435}.Debug|x86.Deploy.0 = Debug|x86
		{D3DFE2FF-E4E4-44BF-A61F-DFCF07ADB435}.Release|Any CPU.ActiveCfg = Release|x86
		{D3DFE2FF-E4E4-44BF-A61F-DFCF07ADB435}.Release|ARM.ActiveCfg = Release|ARM
		{D3DFE2FF-E4E4-44BF-A61F-DFCF07ADB435}.Release|ARM.Build.0 = Release|ARM
		{D3DFE2FF-E4E4-44BF-A61F-DFCF07ADB435}.Release|ARM.Deploy.0 = Release|ARM
		{D3DFE2FF-E4E4-44BF-A61F-DFCF07ADB435}.Release|iPhone.ActiveCfg = Release|x86
		{D3DFE2FF-E4E4-44BF-A61F-DFCF07ADB435}.Release|iPhoneSimulator.ActiveCfg = Release|x86
		{D3DFE2FF-E4E4-44BF-A61F-DFCF07ADB435}.Release|x64.ActiveCfg = Release|x64
		{D3DFE2FF-E4E4-44BF-A61F-DFCF07ADB435}.Release|x64.Build.0 = Release|x64
		{D3DFE2FF-E4E4-44BF-A61F-DFCF07ADB435}.Release|x64.Deploy.0 = Release|x64
		{D3DFE2FF-E4E4-44BF-A61F-DFCF07ADB435}.Release|x86.ActiveCfg = Release|x86
		{D3DFE2FF-E4E4-44BF-A61F-DFCF07ADB435}.Release|x86.Build.0 = Release|x86
		{D3DFE2FF-E4E4-44BF-A61F-DFCF07ADB435}.Release|x86.Deploy.0 = Release|x86
		{88445EBF-F00E-4A76-AA47-BD1041DC6BB4}.Ad-Hoc|Any CPU.ActiveCfg = Release|Any CPU
		{88445EBF-F00E-4A76-AA47-BD1041DC6BB4}.Ad-Hoc|Any CPU.Build.0 = Release|Any CPU
		{88445EBF-F00E-4A76-AA47-BD1041DC6BB4}.Ad-Hoc|Any CPU.Deploy.0 = Release|Any CPU
		{88445EBF-F00E-4A76-AA47-BD1041DC6BB4}.Ad-Hoc|ARM.ActiveCfg = Release|ARM
		{88445EBF-F00E-4A76-AA47-BD1041DC6BB4}.Ad-Hoc|ARM.Build.0 = Release|ARM
		{88445EBF-F00E-4A76-AA47-BD1041DC6BB4}.Ad-Hoc|ARM.Deploy.0 = Release|ARM
		{88445EBF-F00E-4A76-AA47-BD1041DC6BB4}.Ad-Hoc|iPhone.ActiveCfg = Release|Any CPU
		{88445EBF-F00E-4A76-AA47-BD1041DC6BB4}.Ad-Hoc|iPhone.Build.0 = Release|Any CPU
		{88445EBF-F00E-4A76-AA47-BD1041DC6BB4}.Ad-Hoc|iPhone.Deploy.0 = Release|Any CPU
		{88445EBF-F00E-4A76-AA47-BD1041DC6BB4}.Ad-Hoc|iPhoneSimulator.ActiveCfg = Release|Any CPU
		{88445EBF-F00E-4A76-AA47-BD1041DC6BB4}.Ad-Hoc|iPhoneSimulator.Build.0 = Release|Any CPU
		{88445EBF-F00E-4A76-AA47-BD1041DC6BB4}.Ad-Hoc|iPhoneSimulator.Deploy.0 = Release|Any CPU
		{88445EBF-F00E-4A76-AA47-BD1041DC6BB4}.Ad-Hoc|x64.ActiveCfg = Release|x64
		{88445EBF-F00E-4A76-AA47-BD1041DC6BB4}.Ad-Hoc|x64.Build.0 = Release|x64
		{88445EBF-F00E-4A76-AA47-BD1041DC6BB4}.Ad-Hoc|x64.Deploy.0 = Release|x64
		{88445EBF-F00E-4A76-AA47-BD1041DC6BB4}.Ad-Hoc|x86.ActiveCfg = Release|x86
		{88445EBF-F00E-4A76-AA47-BD1041DC6BB4}.Ad-Hoc|x86.Build.0 = Release|x86
		{88445EBF-F00E-4A76-AA47-BD1041DC6BB4}.Ad-Hoc|x86.Deploy.0 = Release|x86
		{88445EBF-F00E-4A76-AA47-BD1041DC6BB4}.AppStore|Any CPU.ActiveCfg = Release|Any CPU
		{88445EBF-F00E-4A76-AA47-BD1041DC6BB4}.AppStore|Any CPU.Build.0 = Release|Any CPU
		{88445EBF-F00E-4A76-AA47-BD1041DC6BB4}.AppStore|Any CPU.Deploy.0 = Release|Any CPU
		{88445EBF-F00E-4A76-AA47-BD1041DC6BB4}.AppStore|ARM.ActiveCfg = Release|ARM
		{88445EBF-F00E-4A76-AA47-BD1041DC6BB4}.AppStore|ARM.Build.0 = Release|ARM
		{88445EBF-F00E-4A76-AA47-BD1041DC6BB4}.AppStore|ARM.Deploy.0 = Release|ARM
		{88445EBF-F00E-4A76-AA47-BD1041DC6BB4}.AppStore|iPhone.ActiveCfg = Release|Any CPU
		{88445EBF-F00E-4A76-AA47-BD1041DC6BB4}.AppStore|iPhone.Build.0 = Release|Any CPU
		{88445EBF-F00E-4A76-AA47-BD1041DC6BB4}.AppStore|iPhone.Deploy.0 = Release|Any CPU
		{88445EBF-F00E-4A76-AA47-BD1041DC6BB4}.AppStore|iPhoneSimulator.ActiveCfg = Release|Any CPU
		{88445EBF-F00E-4A76-AA47-BD1041DC6BB4}.AppStore|iPhoneSimulator.Build.0 = Release|Any CPU
		{88445EBF-F00E-4A76-AA47-BD1041DC6BB4}.AppStore|iPhoneSimulator.Deploy.0 = Release|Any CPU
		{88445EBF-F00E-4A76-AA47-BD1041DC6BB4}.AppStore|x64.ActiveCfg = Release|x64
		{88445EBF-F00E-4A76-AA47-BD1041DC6BB4}.AppStore|x64.Build.0 = Release|x64
		{88445EBF-F00E-4A76-AA47-BD1041DC6BB4}.AppStore|x64.Deploy.0 = Release|x64
		{88445EBF-F00E-4A76-AA47-BD1041DC6BB4}.AppStore|x86.ActiveCfg = Release|x86
		{88445EBF-F00E-4A76-AA47-BD1041DC6BB4}.AppStore|x86.Build.0 = Release|x86
		{88445EBF-F00E-4A76-AA47-BD1041DC6BB4}.AppStore|x86.Deploy.0 = Release|x86
		{88445EBF-F00E-4A76-AA47-BD1041DC6BB4}.Debug|Any CPU.ActiveCfg = Debug|Any CPU
		{88445EBF-F00E-4A76-AA47-BD1041DC6BB4}.Debug|Any CPU.Build.0 = Debug|Any CPU
		{88445EBF-F00E-4A76-AA47-BD1041DC6BB4}.Debug|Any CPU.Deploy.0 = Debug|Any CPU
		{88445EBF-F00E-4A76-AA47-BD1041DC6BB4}.Debug|ARM.ActiveCfg = Debug|ARM
		{88445EBF-F00E-4A76-AA47-BD1041DC6BB4}.Debug|ARM.Build.0 = Debug|ARM
		{88445EBF-F00E-4A76-AA47-BD1041DC6BB4}.Debug|ARM.Deploy.0 = Debug|ARM
		{88445EBF-F00E-4A76-AA47-BD1041DC6BB4}.Debug|iPhone.ActiveCfg = Debug|Any CPU
		{88445EBF-F00E-4A76-AA47-BD1041DC6BB4}.Debug|iPhone.Build.0 = Debug|Any CPU
		{88445EBF-F00E-4A76-AA47-BD1041DC6BB4}.Debug|iPhone.Deploy.0 = Debug|Any CPU
		{88445EBF-F00E-4A76-AA47-BD1041DC6BB4}.Debug|iPhoneSimulator.ActiveCfg = Debug|Any CPU
		{88445EBF-F00E-4A76-AA47-BD1041DC6BB4}.Debug|iPhoneSimulator.Build.0 = Debug|Any CPU
		{88445EBF-F00E-4A76-AA47-BD1041DC6BB4}.Debug|iPhoneSimulator.Deploy.0 = Debug|Any CPU
		{88445EBF-F00E-4A76-AA47-BD1041DC6BB4}.Debug|x64.ActiveCfg = Debug|x64
		{88445EBF-F00E-4A76-AA47-BD1041DC6BB4}.Debug|x64.Build.0 = Debug|x64
		{88445EBF-F00E-4A76-AA47-BD1041DC6BB4}.Debug|x64.Deploy.0 = Debug|x64
		{88445EBF-F00E-4A76-AA47-BD1041DC6BB4}.Debug|x86.ActiveCfg = Debug|x86
		{88445EBF-F00E-4A76-AA47-BD1041DC6BB4}.Debug|x86.Build.0 = Debug|x86
		{88445EBF-F00E-4A76-AA47-BD1041DC6BB4}.Debug|x86.Deploy.0 = Debug|x86
		{88445EBF-F00E-4A76-AA47-BD1041DC6BB4}.Release|Any CPU.ActiveCfg = Release|Any CPU
		{88445EBF-F00E-4A76-AA47-BD1041DC6BB4}.Release|Any CPU.Build.0 = Release|Any CPU
		{88445EBF-F00E-4A76-AA47-BD1041DC6BB4}.Release|Any CPU.Deploy.0 = Release|Any CPU
		{88445EBF-F00E-4A76-AA47-BD1041DC6BB4}.Release|ARM.ActiveCfg = Release|ARM
		{88445EBF-F00E-4A76-AA47-BD1041DC6BB4}.Release|ARM.Build.0 = Release|ARM
		{88445EBF-F00E-4A76-AA47-BD1041DC6BB4}.Release|ARM.Deploy.0 = Release|ARM
		{88445EBF-F00E-4A76-AA47-BD1041DC6BB4}.Release|iPhone.ActiveCfg = Release|Any CPU
		{88445EBF-F00E-4A76-AA47-BD1041DC6BB4}.Release|iPhone.Build.0 = Release|Any CPU
		{88445EBF-F00E-4A76-AA47-BD1041DC6BB4}.Release|iPhone.Deploy.0 = Release|Any CPU
		{88445EBF-F00E-4A76-AA47-BD1041DC6BB4}.Release|iPhoneSimulator.ActiveCfg = Release|Any CPU
		{88445EBF-F00E-4A76-AA47-BD1041DC6BB4}.Release|iPhoneSimulator.Build.0 = Release|Any CPU
		{88445EBF-F00E-4A76-AA47-BD1041DC6BB4}.Release|iPhoneSimulator.Deploy.0 = Release|Any CPU
		{88445EBF-F00E-4A76-AA47-BD1041DC6BB4}.Release|x64.ActiveCfg = Release|x64
		{88445EBF-F00E-4A76-AA47-BD1041DC6BB4}.Release|x64.Build.0 = Release|x64
		{88445EBF-F00E-4A76-AA47-BD1041DC6BB4}.Release|x64.Deploy.0 = Release|x64
		{88445EBF-F00E-4A76-AA47-BD1041DC6BB4}.Release|x86.ActiveCfg = Release|x86
		{88445EBF-F00E-4A76-AA47-BD1041DC6BB4}.Release|x86.Build.0 = Release|x86
		{88445EBF-F00E-4A76-AA47-BD1041DC6BB4}.Release|x86.Deploy.0 = Release|x86
		{FCB7F411-6627-4243-8EC2-E94C450580AE}.Ad-Hoc|Any CPU.ActiveCfg = Release|Any CPU
		{FCB7F411-6627-4243-8EC2-E94C450580AE}.Ad-Hoc|Any CPU.Build.0 = Release|Any CPU
		{FCB7F411-6627-4243-8EC2-E94C450580AE}.Ad-Hoc|ARM.ActiveCfg = Release|Any CPU
		{FCB7F411-6627-4243-8EC2-E94C450580AE}.Ad-Hoc|ARM.Build.0 = Release|Any CPU
		{FCB7F411-6627-4243-8EC2-E94C450580AE}.Ad-Hoc|iPhone.ActiveCfg = Release|Any CPU
		{FCB7F411-6627-4243-8EC2-E94C450580AE}.Ad-Hoc|iPhone.Build.0 = Release|Any CPU
		{FCB7F411-6627-4243-8EC2-E94C450580AE}.Ad-Hoc|iPhoneSimulator.ActiveCfg = Release|Any CPU
		{FCB7F411-6627-4243-8EC2-E94C450580AE}.Ad-Hoc|iPhoneSimulator.Build.0 = Release|Any CPU
		{FCB7F411-6627-4243-8EC2-E94C450580AE}.Ad-Hoc|x64.ActiveCfg = Release|Any CPU
		{FCB7F411-6627-4243-8EC2-E94C450580AE}.Ad-Hoc|x64.Build.0 = Release|Any CPU
		{FCB7F411-6627-4243-8EC2-E94C450580AE}.Ad-Hoc|x86.ActiveCfg = Release|Any CPU
		{FCB7F411-6627-4243-8EC2-E94C450580AE}.Ad-Hoc|x86.Build.0 = Release|Any CPU
		{FCB7F411-6627-4243-8EC2-E94C450580AE}.AppStore|Any CPU.ActiveCfg = Release|Any CPU
		{FCB7F411-6627-4243-8EC2-E94C450580AE}.AppStore|Any CPU.Build.0 = Release|Any CPU
		{FCB7F411-6627-4243-8EC2-E94C450580AE}.AppStore|ARM.ActiveCfg = Release|Any CPU
		{FCB7F411-6627-4243-8EC2-E94C450580AE}.AppStore|ARM.Build.0 = Release|Any CPU
		{FCB7F411-6627-4243-8EC2-E94C450580AE}.AppStore|iPhone.ActiveCfg = Release|Any CPU
		{FCB7F411-6627-4243-8EC2-E94C450580AE}.AppStore|iPhone.Build.0 = Release|Any CPU
		{FCB7F411-6627-4243-8EC2-E94C450580AE}.AppStore|iPhoneSimulator.ActiveCfg = Release|Any CPU
		{FCB7F411-6627-4243-8EC2-E94C450580AE}.AppStore|iPhoneSimulator.Build.0 = Release|Any CPU
		{FCB7F411-6627-4243-8EC2-E94C450580AE}.AppStore|x64.ActiveCfg = Release|Any CPU
		{FCB7F411-6627-4243-8EC2-E94C450580AE}.AppStore|x64.Build.0 = Release|Any CPU
		{FCB7F411-6627-4243-8EC2-E94C450580AE}.AppStore|x86.ActiveCfg = Release|Any CPU
		{FCB7F411-6627-4243-8EC2-E94C450580AE}.AppStore|x86.Build.0 = Release|Any CPU
		{FCB7F411-6627-4243-8EC2-E94C450580AE}.Debug|Any CPU.ActiveCfg = Debug|Any CPU
		{FCB7F411-6627-4243-8EC2-E94C450580AE}.Debug|Any CPU.Build.0 = Debug|Any CPU
		{FCB7F411-6627-4243-8EC2-E94C450580AE}.Debug|ARM.ActiveCfg = Debug|Any CPU
		{FCB7F411-6627-4243-8EC2-E94C450580AE}.Debug|ARM.Build.0 = Debug|Any CPU
		{FCB7F411-6627-4243-8EC2-E94C450580AE}.Debug|iPhone.ActiveCfg = Debug|Any CPU
		{FCB7F411-6627-4243-8EC2-E94C450580AE}.Debug|iPhone.Build.0 = Debug|Any CPU
		{FCB7F411-6627-4243-8EC2-E94C450580AE}.Debug|iPhoneSimulator.ActiveCfg = Debug|Any CPU
		{FCB7F411-6627-4243-8EC2-E94C450580AE}.Debug|iPhoneSimulator.Build.0 = Debug|Any CPU
		{FCB7F411-6627-4243-8EC2-E94C450580AE}.Debug|x64.ActiveCfg = Debug|Any CPU
		{FCB7F411-6627-4243-8EC2-E94C450580AE}.Debug|x64.Build.0 = Debug|Any CPU
		{FCB7F411-6627-4243-8EC2-E94C450580AE}.Debug|x86.ActiveCfg = Debug|Any CPU
		{FCB7F411-6627-4243-8EC2-E94C450580AE}.Debug|x86.Build.0 = Debug|Any CPU
		{FCB7F411-6627-4243-8EC2-E94C450580AE}.Release|Any CPU.ActiveCfg = Release|Any CPU
		{FCB7F411-6627-4243-8EC2-E94C450580AE}.Release|Any CPU.Build.0 = Release|Any CPU
		{FCB7F411-6627-4243-8EC2-E94C450580AE}.Release|ARM.ActiveCfg = Release|Any CPU
		{FCB7F411-6627-4243-8EC2-E94C450580AE}.Release|ARM.Build.0 = Release|Any CPU
		{FCB7F411-6627-4243-8EC2-E94C450580AE}.Release|iPhone.ActiveCfg = Release|Any CPU
		{FCB7F411-6627-4243-8EC2-E94C450580AE}.Release|iPhone.Build.0 = Release|Any CPU
		{FCB7F411-6627-4243-8EC2-E94C450580AE}.Release|iPhoneSimulator.ActiveCfg = Release|Any CPU
		{FCB7F411-6627-4243-8EC2-E94C450580AE}.Release|iPhoneSimulator.Build.0 = Release|Any CPU
		{FCB7F411-6627-4243-8EC2-E94C450580AE}.Release|x64.ActiveCfg = Release|Any CPU
		{FCB7F411-6627-4243-8EC2-E94C450580AE}.Release|x64.Build.0 = Release|Any CPU
		{FCB7F411-6627-4243-8EC2-E94C450580AE}.Release|x86.ActiveCfg = Release|Any CPU
		{FCB7F411-6627-4243-8EC2-E94C450580AE}.Release|x86.Build.0 = Release|Any CPU
	EndGlobalSection
	GlobalSection(SolutionProperties) = preSolution
		HideSolutionNode = FALSE
	EndGlobalSection
EndGlobal
